
Microsoft Visual Studio Solution File, Format Version 12.00
# Visual Studio Version 16
VisualStudioVersion = 16.0.29102.190
MinimumVisualStudioVersion = 10.0.40219.1
Project("{2150E333-8FDC-42A3-9474-1A3956D46DE8}") = "src", "src", "{C4FEF304-16B2-431F-88FC-5455ECC220C9}"
EndProject
Project("{FAE04EC0-301F-11D3-BF4B-00C04F79EFBC}") = "TFTHelper.WindowsClient", "src\TFTHelper.WindowsClient\TFTHelper.WindowsClient.csproj", "{5EDECC4D-5677-419C-8EAB-7C8C0DE32E55}"
EndProject
Project("{FAE04EC0-301F-11D3-BF4B-00C04F79EFBC}") = "TFTHelper.Domain", "src\TFTHelper.Domain\TFTHelper.Domain.csproj", "{F2E6CA3D-D44C-4639-8AFF-6778F3C08BA0}"
EndProject
Project("{FAE04EC0-301F-11D3-BF4B-00C04F79EFBC}") = "TFTHelper.Application", "src\TFTHelper.Application\TFTHelper.Application.csproj", "{7DADB324-68BA-4999-8099-7CFB19B3B4A0}"
EndProject
Global
	GlobalSection(SolutionConfigurationPlatforms) = preSolution
		Debug|Any CPU = Debug|Any CPU
		Release|Any CPU = Release|Any CPU
	EndGlobalSection
	GlobalSection(ProjectConfigurationPlatforms) = postSolution
		{5EDECC4D-5677-419C-8EAB-7C8C0DE32E55}.Debug|Any CPU.ActiveCfg = Debug|Any CPU
		{5EDECC4D-5677-419C-8EAB-7C8C0DE32E55}.Debug|Any CPU.Build.0 = Debug|Any CPU
		{5EDECC4D-5677-419C-8EAB-7C8C0DE32E55}.Release|Any CPU.ActiveCfg = Release|Any CPU
		{5EDECC4D-5677-419C-8EAB-7C8C0DE32E55}.Release|Any CPU.Build.0 = Release|Any CPU
		{F2E6CA3D-D44C-4639-8AFF-6778F3C08BA0}.Debug|Any CPU.ActiveCfg = Debug|Any CPU
		{F2E6CA3D-D44C-4639-8AFF-6778F3C08BA0}.Debug|Any CPU.Build.0 = Debug|Any CPU
		{F2E6CA3D-D44C-4639-8AFF-6778F3C08BA0}.Release|Any CPU.ActiveCfg = Release|Any CPU
		{F2E6CA3D-D44C-4639-8AFF-6778F3C08BA0}.Release|Any CPU.Build.0 = Release|Any CPU
		{7DADB324-68BA-4999-8099-7CFB19B3B4A0}.Debug|Any CPU.ActiveCfg = Debug|Any CPU
		{7DADB324-68BA-4999-8099-7CFB19B3B4A0}.Debug|Any CPU.Build.0 = Debug|Any CPU
		{7DADB324-68BA-4999-8099-7CFB19B3B4A0}.Release|Any CPU.ActiveCfg = Release|Any CPU
		{7DADB324-68BA-4999-8099-7CFB19B3B4A0}.Release|Any CPU.Build.0 = Release|Any CPU
	EndGlobalSection
	GlobalSection(SolutionProperties) = preSolution
		HideSolutionNode = FALSE
	EndGlobalSection
	GlobalSection(NestedProjects) = preSolution
		{5EDECC4D-5677-419C-8EAB-7C8C0DE32E55} = {C4FEF304-16B2-431F-88FC-5455ECC220C9}
		{F2E6CA3D-D44C-4639-8AFF-6778F3C08BA0} = {C4FEF304-16B2-431F-88FC-5455ECC220C9}
		{7DADB324-68BA-4999-8099-7CFB19B3B4A0} = {C4FEF304-16B2-431F-88FC-5455ECC220C9}
	EndGlobalSection
	GlobalSection(ExtensibilityGlobals) = postSolution
		SolutionGuid = {304ABBD5-51C2-4A14-A001-8739A44CB20D}
	EndGlobalSection
EndGlobal
